
Microsoft Visual Studio Solution File, Format Version 12.00
# Visual Studio Version 16
VisualStudioVersion = 16.0.28621.142
MinimumVisualStudioVersion = 10.0.40219.1
Project("{9A19103F-16F7-4668-BE54-9A1E7A4F7556}") = "Discoverable-Service", "Service\Discoverable-Service.csproj", "{7B8FAE39-AD0E-42DE-B3C8-B1ADCD672C82}"
EndProject
Project("{9A19103F-16F7-4668-BE54-9A1E7A4F7556}") = "TestClient", "Client\TestClient.csproj", "{1402E6DF-D006-406B-B928-0BFDAFAE8B21}"
EndProject
Global
	GlobalSection(SolutionConfigurationPlatforms) = preSolution
		Debug|Any CPU = Debug|Any CPU
		Release|Any CPU = Release|Any CPU
	EndGlobalSection
	GlobalSection(ProjectConfigurationPlatforms) = postSolution
		{7B8FAE39-AD0E-42DE-B3C8-B1ADCD672C82}.Debug|Any CPU.ActiveCfg = Debug|Any CPU
		{7B8FAE39-AD0E-42DE-B3C8-B1ADCD672C82}.Debug|Any CPU.Build.0 = Debug|Any CPU
		{7B8FAE39-AD0E-42DE-B3C8-B1ADCD672C82}.Release|Any CPU.ActiveCfg = Release|Any CPU
		{7B8FAE39-AD0E-42DE-B3C8-B1ADCD672C82}.Release|Any CPU.Build.0 = Release|Any CPU
		{1402E6DF-D006-406B-B928-0BFDAFAE8B21}.Debug|Any CPU.ActiveCfg = Debug|Any CPU
		{1402E6DF-D006-406B-B928-0BFDAFAE8B21}.Debug|Any CPU.Build.0 = Debug|Any CPU
		{1402E6DF-D006-406B-B928-0BFDAFAE8B21}.Release|Any CPU.ActiveCfg = Release|Any CPU
		{1402E6DF-D006-406B-B928-0BFDAFAE8B21}.Release|Any CPU.Build.0 = Release|Any CPU
	EndGlobalSection
	GlobalSection(SolutionProperties) = preSolution
		HideSolutionNode = FALSE
	EndGlobalSection
	GlobalSection(ExtensibilityGlobals) = postSolution
		SolutionGuid = {ACE65A46-C4D3-4CD6-B82A-6A8595828D8E}
	EndGlobalSection
EndGlobal
